
Microsoft Visual Studio Solution File, Format Version 12.00
# Visual Studio Version 17
VisualStudioVersion = 17.5.002.0
MinimumVisualStudioVersion = 10.0.40219.1
Project("{9A19103F-16F7-4668-BE54-9A1E7A4F7556}") = "ControlAcceso", "ControlAcceso.csproj", "{33B8FAE9-38AC-4D61-A1DE-19EFA6E6C09A}"
EndProject
Global
	GlobalSection(SolutionConfigurationPlatforms) = preSolution
		Debug|Any CPU = Debug|Any CPU
		Release|Any CPU = Release|Any CPU
	EndGlobalSection
	GlobalSection(ProjectConfigurationPlatforms) = postSolution
		{33B8FAE9-38AC-4D61-A1DE-19EFA6E6C09A}.Debug|Any CPU.ActiveCfg = Debug|Any CPU
		{33B8FAE9-38AC-4D61-A1DE-19EFA6E6C09A}.Debug|Any CPU.Build.0 = Debug|Any CPU
		{33B8FAE9-38AC-4D61-A1DE-19EFA6E6C09A}.Release|Any CPU.ActiveCfg = Release|Any CPU
		{33B8FAE9-38AC-4D61-A1DE-19EFA6E6C09A}.Release|Any CPU.Build.0 = Release|Any CPU
	EndGlobalSection
	GlobalSection(SolutionProperties) = preSolution
		HideSolutionNode = FALSE
	EndGlobalSection
	GlobalSection(ExtensibilityGlobals) = postSolution
		SolutionGuid = {D93A8441-70BA-4A3F-92E4-DC285A9E7C76}
	EndGlobalSection
EndGlobal
